
Microsoft Visual Studio Solution File, Format Version 12.00
# Visual Studio Version 17
VisualStudioVersion = 17.4.33213.308
MinimumVisualStudioVersion = 10.0.40219.1
Project("{FAE04EC0-301F-11D3-BF4B-00C04F79EFBC}") = "M17E_TrabalhoModelo_2022_2023", "M17E_TrabalhoModelo_2022_2023\M17E_TrabalhoModelo_2022_2023.csproj", "{7A55BF09-27AF-4CCD-AEA7-E617D1B1EE14}"
EndProject
Global
	GlobalSection(SolutionConfigurationPlatforms) = preSolution
		Debug|Any CPU = Debug|Any CPU
		Release|Any CPU = Release|Any CPU
	EndGlobalSection
	GlobalSection(ProjectConfigurationPlatforms) = postSolution
		{7A55BF09-27AF-4CCD-AEA7-E617D1B1EE14}.Debug|Any CPU.ActiveCfg = Debug|Any CPU
		{7A55BF09-27AF-4CCD-AEA7-E617D1B1EE14}.Debug|Any CPU.Build.0 = Debug|Any CPU
		{7A55BF09-27AF-4CCD-AEA7-E617D1B1EE14}.Release|Any CPU.ActiveCfg = Release|Any CPU
		{7A55BF09-27AF-4CCD-AEA7-E617D1B1EE14}.Release|Any CPU.Build.0 = Release|Any CPU
	EndGlobalSection
	GlobalSection(SolutionProperties) = preSolution
		HideSolutionNode = FALSE
	EndGlobalSection
	GlobalSection(ExtensibilityGlobals) = postSolution
		SolutionGuid = {53EB485B-808A-4A55-B5A9-6261F51286FF}
	EndGlobalSection
EndGlobal
